// !$*UTF8*$!
{
	archiveVersion = 1;
	classes = {
	};
	objectVersion = 51;
	objects = {

/* Begin PBXBuildFile section */
		03F7A2792470A7CF00E95C8E /* AppDelegate.swift in Sources */ = {isa = PBXBuildFile; fileRef = 03F7A2782470A7CF00E95C8E /* AppDelegate.swift */; };
		03F7A27B2470A7CF00E95C8E /* SceneDelegate.swift in Sources */ = {isa = PBXBuildFile; fileRef = 03F7A27A2470A7CF00E95C8E /* SceneDelegate.swift */; };
		03F7A2802470A7CF00E95C8E /* Main.storyboard in Resources */ = {isa = PBXBuildFile; fileRef = 03F7A27E2470A7CF00E95C8E /* Main.storyboard */; };
		03F7A2822470A7D100E95C8E /* Assets.xcassets in Resources */ = {isa = PBXBuildFile; fileRef = 03F7A2812470A7D100E95C8E /* Assets.xcassets */; };
		03F7A2852470A7D100E95C8E /* LaunchScreen.storyboard in Resources */ = {isa = PBXBuildFile; fileRef = 03F7A2832470A7D100E95C8E /* LaunchScreen.storyboard */; };
		03F7A2B12470BB5E00E95C8E /* ImageModel.xcdatamodeld in Sources */ = {isa = PBXBuildFile; fileRef = 03F7A2AF2470BB5E00E95C8E /* ImageModel.xcdatamodeld */; };
		03F7A2B42470BBA900E95C8E /* ImageMetaData+CoreDataClass.swift in Sources */ = {isa = PBXBuildFile; fileRef = 03F7A2B22470BBA900E95C8E /* ImageMetaData+CoreDataClass.swift */; };
		03F7A2B52470BBA900E95C8E /* ImageMetaData+CoreDataProperties.swift in Sources */ = {isa = PBXBuildFile; fileRef = 03F7A2B32470BBA900E95C8E /* ImageMetaData+CoreDataProperties.swift */; };
		03F7A2B82470BBDD00E95C8E /* ImageCollectionViewCell.swift in Sources */ = {isa = PBXBuildFile; fileRef = 03F7A2B72470BBDD00E95C8E /* ImageCollectionViewCell.swift */; };
		03F7A2BB2470BC0600E95C8E /* TaskerViewController.swift in Sources */ = {isa = PBXBuildFile; fileRef = 03F7A2BA2470BC0600E95C8E /* TaskerViewController.swift */; };
		03F7A2BD2470BC1900E95C8E /* CameraViewController.swift in Sources */ = {isa = PBXBuildFile; fileRef = 03F7A2BC2470BC1900E95C8E /* CameraViewController.swift */; };
		3148E112254AECF20058FADD /* GoogleService-Info.plist in Resources */ = {isa = PBXBuildFile; fileRef = 3148E111254AECF20058FADD /* GoogleService-Info.plist */; };
		314A420B255043C500FCDC17 /* TasksTableViewController.swift in Sources */ = {isa = PBXBuildFile; fileRef = 314A420A255043C500FCDC17 /* TasksTableViewController.swift */; };
		314DA2E0254EE6D80065819E /* RegisterViewController.swift in Sources */ = {isa = PBXBuildFile; fileRef = 314DA2DF254EE6D80065819E /* RegisterViewController.swift */; };
		314E6C4C2551399500D85B1B /* CreateTaskViewController.swift in Sources */ = {isa = PBXBuildFile; fileRef = 314E6C4B2551399500D85B1B /* CreateTaskViewController.swift */; };
		314E6C4F25513E6C00D85B1B /* DatabaseProtocal.swift in Sources */ = {isa = PBXBuildFile; fileRef = 314E6C4E25513E6C00D85B1B /* DatabaseProtocal.swift */; };
		314E6C5425513E9E00D85B1B /* MulticastDelegate.swift in Sources */ = {isa = PBXBuildFile; fileRef = 314E6C5325513E9E00D85B1B /* MulticastDelegate.swift */; };
		314E6C5825513EBB00D85B1B /* FirebaseController.swift in Sources */ = {isa = PBXBuildFile; fileRef = 314E6C5725513EBB00D85B1B /* FirebaseController.swift */; };
		314E6C5B25513F0300D85B1B /* SuperHero.swift in Sources */ = {isa = PBXBuildFile; fileRef = 314E6C5A25513F0300D85B1B /* SuperHero.swift */; };
		3186FE92255274180014ED72 /* TaskTableViewCell.swift in Sources */ = {isa = PBXBuildFile; fileRef = 3186FE91255274180014ED72 /* TaskTableViewCell.swift */; };
		31CEC73E254ACADE0000C9C9 /* AuthViewController.swift in Sources */ = {isa = PBXBuildFile; fileRef = 31CEC73D254ACADE0000C9C9 /* AuthViewController.swift */; };
		C247AD7CF37FF212C4D5DA83 /* Pods_FIT5140_Tasker.framework in Frameworks */ = {isa = PBXBuildFile; fileRef = 09D46E0C83FB0E10DF2A3CE6 /* Pods_FIT5140_Tasker.framework */; };
/* End PBXBuildFile section */

/* Begin PBXFileReference section */
		03F7A2752470A7CF00E95C8E /* FIT5140-Tasker.app */ = {isa = PBXFileReference; explicitFileType = wrapper.application; includeInIndex = 0; path = "FIT5140-Tasker.app"; sourceTree = BUILT_PRODUCTS_DIR; };
		03F7A2782470A7CF00E95C8E /* AppDelegate.swift */ = {isa = PBXFileReference; lastKnownFileType = sourcecode.swift; path = AppDelegate.swift; sourceTree = "<group>"; };
		03F7A27A2470A7CF00E95C8E /* SceneDelegate.swift */ = {isa = PBXFileReference; lastKnownFileType = sourcecode.swift; path = SceneDelegate.swift; sourceTree = "<group>"; };
		03F7A27F2470A7CF00E95C8E /* Base */ = {isa = PBXFileReference; lastKnownFileType = file.storyboard; name = Base; path = Base.lproj/Main.storyboard; sourceTree = "<group>"; };
		03F7A2812470A7D100E95C8E /* Assets.xcassets */ = {isa = PBXFileReference; lastKnownFileType = folder.assetcatalog; path = Assets.xcassets; sourceTree = "<group>"; };
		03F7A2842470A7D100E95C8E /* Base */ = {isa = PBXFileReference; lastKnownFileType = file.storyboard; name = Base; path = Base.lproj/LaunchScreen.storyboard; sourceTree = "<group>"; };
		03F7A2862470A7D100E95C8E /* Info.plist */ = {isa = PBXFileReference; lastKnownFileType = text.plist.xml; path = Info.plist; sourceTree = "<group>"; };
		03F7A2B02470BB5E00E95C8E /* ImageModel.xcdatamodel */ = {isa = PBXFileReference; lastKnownFileType = wrapper.xcdatamodel; path = ImageModel.xcdatamodel; sourceTree = "<group>"; };
		03F7A2B22470BBA900E95C8E /* ImageMetaData+CoreDataClass.swift */ = {isa = PBXFileReference; lastKnownFileType = sourcecode.swift; path = "ImageMetaData+CoreDataClass.swift"; sourceTree = "<group>"; };
		03F7A2B32470BBA900E95C8E /* ImageMetaData+CoreDataProperties.swift */ = {isa = PBXFileReference; lastKnownFileType = sourcecode.swift; path = "ImageMetaData+CoreDataProperties.swift"; sourceTree = "<group>"; };
		03F7A2B72470BBDD00E95C8E /* ImageCollectionViewCell.swift */ = {isa = PBXFileReference; lastKnownFileType = sourcecode.swift; path = ImageCollectionViewCell.swift; sourceTree = "<group>"; };
		03F7A2BA2470BC0600E95C8E /* TaskerViewController.swift */ = {isa = PBXFileReference; lastKnownFileType = sourcecode.swift; path = TaskerViewController.swift; sourceTree = "<group>"; };
		03F7A2BC2470BC1900E95C8E /* CameraViewController.swift */ = {isa = PBXFileReference; lastKnownFileType = sourcecode.swift; path = CameraViewController.swift; sourceTree = "<group>"; };
		09D46E0C83FB0E10DF2A3CE6 /* Pods_FIT5140_Tasker.framework */ = {isa = PBXFileReference; explicitFileType = wrapper.framework; includeInIndex = 0; path = Pods_FIT5140_Tasker.framework; sourceTree = BUILT_PRODUCTS_DIR; };
		1547B27C1B84D002DF3463E2 /* Pods-FIT5140-Tasker.debug.xcconfig */ = {isa = PBXFileReference; includeInIndex = 1; lastKnownFileType = text.xcconfig; name = "Pods-FIT5140-Tasker.debug.xcconfig"; path = "Target Support Files/Pods-FIT5140-Tasker/Pods-FIT5140-Tasker.debug.xcconfig"; sourceTree = "<group>"; };
		3148E111254AECF20058FADD /* GoogleService-Info.plist */ = {isa = PBXFileReference; fileEncoding = 4; lastKnownFileType = text.plist.xml; path = "GoogleService-Info.plist"; sourceTree = "<group>"; };
		314A420A255043C500FCDC17 /* TasksTableViewController.swift */ = {isa = PBXFileReference; lastKnownFileType = sourcecode.swift; path = TasksTableViewController.swift; sourceTree = "<group>"; };
		314DA2DF254EE6D80065819E /* RegisterViewController.swift */ = {isa = PBXFileReference; lastKnownFileType = sourcecode.swift; path = RegisterViewController.swift; sourceTree = "<group>"; };
		314E6C4B2551399500D85B1B /* CreateTaskViewController.swift */ = {isa = PBXFileReference; lastKnownFileType = sourcecode.swift; path = CreateTaskViewController.swift; sourceTree = "<group>"; };
		314E6C4E25513E6C00D85B1B /* DatabaseProtocal.swift */ = {isa = PBXFileReference; lastKnownFileType = sourcecode.swift; path = DatabaseProtocal.swift; sourceTree = "<group>"; };
		314E6C5325513E9E00D85B1B /* MulticastDelegate.swift */ = {isa = PBXFileReference; lastKnownFileType = sourcecode.swift; path = MulticastDelegate.swift; sourceTree = "<group>"; };
		314E6C5725513EBB00D85B1B /* FirebaseController.swift */ = {isa = PBXFileReference; lastKnownFileType = sourcecode.swift; path = FirebaseController.swift; sourceTree = "<group>"; };
		314E6C5A25513F0300D85B1B /* SuperHero.swift */ = {isa = PBXFileReference; lastKnownFileType = sourcecode.swift; path = SuperHero.swift; sourceTree = "<group>"; };
		3186FE91255274180014ED72 /* TaskTableViewCell.swift */ = {isa = PBXFileReference; lastKnownFileType = sourcecode.swift; path = TaskTableViewCell.swift; sourceTree = "<group>"; };
		31CEC73D254ACADE0000C9C9 /* AuthViewController.swift */ = {isa = PBXFileReference; lastKnownFileType = sourcecode.swift; path = AuthViewController.swift; sourceTree = "<group>"; };
		A03ECBA7743083B7CB9B5B00 /* Pods-FIT5140-Tasker.release.xcconfig */ = {isa = PBXFileReference; includeInIndex = 1; lastKnownFileType = text.xcconfig; name = "Pods-FIT5140-Tasker.release.xcconfig"; path = "Target Support Files/Pods-FIT5140-Tasker/Pods-FIT5140-Tasker.release.xcconfig"; sourceTree = "<group>"; };
/* End PBXFileReference section */

/* Begin PBXFrameworksBuildPhase section */
		03F7A2722470A7CF00E95C8E /* Frameworks */ = {
			isa = PBXFrameworksBuildPhase;
			buildActionMask = 2147483647;
			files = (
				C247AD7CF37FF212C4D5DA83 /* Pods_FIT5140_Tasker.framework in Frameworks */,
			);
			runOnlyForDeploymentPostprocessing = 0;
		};
/* End PBXFrameworksBuildPhase section */

/* Begin PBXGroup section */
		03F7A26C2470A7CF00E95C8E = {
			isa = PBXGroup;
			children = (
				03F7A2772470A7CF00E95C8E /* FIT5140-Tasker */,
				03F7A2762470A7CF00E95C8E /* Products */,
				1D267DF92CC24C3CC029FDFC /* Pods */,
				0F680D292BB7AF69F529EF0D /* Frameworks */,
			);
			sourceTree = "<group>";
		};
		03F7A2762470A7CF00E95C8E /* Products */ = {
			isa = PBXGroup;
			children = (
				03F7A2752470A7CF00E95C8E /* FIT5140-Tasker.app */,
			);
			name = Products;
			sourceTree = "<group>";
		};
		03F7A2772470A7CF00E95C8E /* FIT5140-Tasker */ = {
			isa = PBXGroup;
			children = (
				314E6C5225513E7C00D85B1B /* Database */,
				3148E111254AECF20058FADD /* GoogleService-Info.plist */,
				03F7A2B62470BBB400E95C8E /* DataModel */,
				03F7A2782470A7CF00E95C8E /* AppDelegate.swift */,
				03F7A27A2470A7CF00E95C8E /* SceneDelegate.swift */,
				03F7A27E2470A7CF00E95C8E /* Main.storyboard */,
				03F7A2812470A7D100E95C8E /* Assets.xcassets */,
				03F7A2832470A7D100E95C8E /* LaunchScreen.storyboard */,
				03F7A2862470A7D100E95C8E /* Info.plist */,
				03F7A2B72470BBDD00E95C8E /* ImageCollectionViewCell.swift */,
				03F7A2BA2470BC0600E95C8E /* TaskerViewController.swift */,
				03F7A2BC2470BC1900E95C8E /* CameraViewController.swift */,
				31CEC73D254ACADE0000C9C9 /* AuthViewController.swift */,
				314DA2DF254EE6D80065819E /* RegisterViewController.swift */,
				314A420A255043C500FCDC17 /* TasksTableViewController.swift */,
				314E6C4B2551399500D85B1B /* CreateTaskViewController.swift */,
				314E6C5A25513F0300D85B1B /* SuperHero.swift */,
				3186FE91255274180014ED72 /* TaskTableViewCell.swift */,
			);
			path = "FIT5140-Tasker";
			sourceTree = "<group>";
		};
		03F7A2B62470BBB400E95C8E /* DataModel */ = {
			isa = PBXGroup;
			children = (
				03F7A2AF2470BB5E00E95C8E /* ImageModel.xcdatamodeld */,
				03F7A2B22470BBA900E95C8E /* ImageMetaData+CoreDataClass.swift */,
				03F7A2B32470BBA900E95C8E /* ImageMetaData+CoreDataProperties.swift */,
			);
			path = DataModel;
			sourceTree = "<group>";
		};
		0F680D292BB7AF69F529EF0D /* Frameworks */ = {
			isa = PBXGroup;
			children = (
				09D46E0C83FB0E10DF2A3CE6 /* Pods_FIT5140_Tasker.framework */,
			);
			name = Frameworks;
			sourceTree = "<group>";
		};
		1D267DF92CC24C3CC029FDFC /* Pods */ = {
			isa = PBXGroup;
			children = (
				1547B27C1B84D002DF3463E2 /* Pods-FIT5140-Tasker.debug.xcconfig */,
				A03ECBA7743083B7CB9B5B00 /* Pods-FIT5140-Tasker.release.xcconfig */,
			);
			path = Pods;
			sourceTree = "<group>";
		};
		314E6C5225513E7C00D85B1B /* Database */ = {
			isa = PBXGroup;
			children = (
				314E6C4E25513E6C00D85B1B /* DatabaseProtocal.swift */,
				314E6C5325513E9E00D85B1B /* MulticastDelegate.swift */,
				314E6C5725513EBB00D85B1B /* FirebaseController.swift */,
			);
			path = Database;
			sourceTree = "<group>";
		};
/* End PBXGroup section */

/* Begin PBXNativeTarget section */
		03F7A2742470A7CF00E95C8E /* FIT5140-Tasker */ = {
			isa = PBXNativeTarget;
			buildConfigurationList = 03F7A2892470A7D100E95C8E /* Build configuration list for PBXNativeTarget "FIT5140-Tasker" */;
			buildPhases = (
				9534666F7B4A9B7076605349 /* [CP] Check Pods Manifest.lock */,
				03F7A2712470A7CF00E95C8E /* Sources */,
				03F7A2722470A7CF00E95C8E /* Frameworks */,
				03F7A2732470A7CF00E95C8E /* Resources */,
				5B5BD5DC9A9D6B533B01E2E4 /* [CP] Embed Pods Frameworks */,
			);
			buildRules = (
			);
			dependencies = (
			);
			name = "FIT5140-Tasker";
			productName = "FIT3178-Week09-Lab";
			productReference = 03F7A2752470A7CF00E95C8E /* FIT5140-Tasker.app */;
			productType = "com.apple.product-type.application";
		};
/* End PBXNativeTarget section */

/* Begin PBXProject section */
		03F7A26D2470A7CF00E95C8E /* Project object */ = {
			isa = PBXProject;
			attributes = {
				LastSwiftUpdateCheck = 1140;
				LastUpgradeCheck = 1140;
				ORGANIZATIONNAME = "Monash University";
				TargetAttributes = {
					03F7A2742470A7CF00E95C8E = {
						CreatedOnToolsVersion = 11.4.1;
					};
				};
			};
			buildConfigurationList = 03F7A2702470A7CF00E95C8E /* Build configuration list for PBXProject "FIT5140-Tasker" */;
			compatibilityVersion = "Xcode 9.3";
			developmentRegion = en;
			hasScannedForEncodings = 0;
			knownRegions = (
				en,
				Base,
			);
			mainGroup = 03F7A26C2470A7CF00E95C8E;
			productRefGroup = 03F7A2762470A7CF00E95C8E /* Products */;
			projectDirPath = "";
			projectRoot = "";
			targets = (
				03F7A2742470A7CF00E95C8E /* FIT5140-Tasker */,
			);
		};
/* End PBXProject section */

/* Begin PBXResourcesBuildPhase section */
		03F7A2732470A7CF00E95C8E /* Resources */ = {
			isa = PBXResourcesBuildPhase;
			buildActionMask = 2147483647;
			files = (
				03F7A2852470A7D100E95C8E /* LaunchScreen.storyboard in Resources */,
				03F7A2822470A7D100E95C8E /* Assets.xcassets in Resources */,
				3148E112254AECF20058FADD /* GoogleService-Info.plist in Resources */,
				03F7A2802470A7CF00E95C8E /* Main.storyboard in Resources */,
			);
			runOnlyForDeploymentPostprocessing = 0;
		};
/* End PBXResourcesBuildPhase section */

/* Begin PBXShellScriptBuildPhase section */
		5B5BD5DC9A9D6B533B01E2E4 /* [CP] Embed Pods Frameworks */ = {
			isa = PBXShellScriptBuildPhase;
			buildActionMask = 2147483647;
			files = (
			);
			inputFileListPaths = (
				"${PODS_ROOT}/Target Support Files/Pods-FIT5140-Tasker/Pods-FIT5140-Tasker-frameworks-${CONFIGURATION}-input-files.xcfilelist",
			);
			name = "[CP] Embed Pods Frameworks";
			outputFileListPaths = (
				"${PODS_ROOT}/Target Support Files/Pods-FIT5140-Tasker/Pods-FIT5140-Tasker-frameworks-${CONFIGURATION}-output-files.xcfilelist",
			);
			runOnlyForDeploymentPostprocessing = 0;
			shellPath = /bin/sh;
			shellScript = "\"${PODS_ROOT}/Target Support Files/Pods-FIT5140-Tasker/Pods-FIT5140-Tasker-frameworks.sh\"\n";
			showEnvVarsInLog = 0;
		};
		9534666F7B4A9B7076605349 /* [CP] Check Pods Manifest.lock */ = {
			isa = PBXShellScriptBuildPhase;
			buildActionMask = 2147483647;
			files = (
			);
			inputFileListPaths = (
			);
			inputPaths = (
				"${PODS_PODFILE_DIR_PATH}/Podfile.lock",
				"${PODS_ROOT}/Manifest.lock",
			);
			name = "[CP] Check Pods Manifest.lock";
			outputFileListPaths = (
			);
			outputPaths = (
				"$(DERIVED_FILE_DIR)/Pods-FIT5140-Tasker-checkManifestLockResult.txt",
			);
			runOnlyForDeploymentPostprocessing = 0;
			shellPath = /bin/sh;
			shellScript = "diff \"${PODS_PODFILE_DIR_PATH}/Podfile.lock\" \"${PODS_ROOT}/Manifest.lock\" > /dev/null\nif [ $? != 0 ] ; then\n    # print error to STDERR\n    echo \"error: The sandbox is not in sync with the Podfile.lock. Run 'pod install' or update your CocoaPods installation.\" >&2\n    exit 1\nfi\n# This output is used by Xcode 'outputs' to avoid re-running this script phase.\necho \"SUCCESS\" > \"${SCRIPT_OUTPUT_FILE_0}\"\n";
			showEnvVarsInLog = 0;
		};
/* End PBXShellScriptBuildPhase section */

/* Begin PBXSourcesBuildPhase section */
		03F7A2712470A7CF00E95C8E /* Sources */ = {
			isa = PBXSourcesBuildPhase;
			buildActionMask = 2147483647;
			files = (
				314E6C5825513EBB00D85B1B /* FirebaseController.swift in Sources */,
				03F7A2B42470BBA900E95C8E /* ImageMetaData+CoreDataClass.swift in Sources */,
				314A420B255043C500FCDC17 /* TasksTableViewController.swift in Sources */,
				314DA2E0254EE6D80065819E /* RegisterViewController.swift in Sources */,
				03F7A2792470A7CF00E95C8E /* AppDelegate.swift in Sources */,
				03F7A2BB2470BC0600E95C8E /* TaskerViewController.swift in Sources */,
				31CEC73E254ACADE0000C9C9 /* AuthViewController.swift in Sources */,
				314E6C5B25513F0300D85B1B /* SuperHero.swift in Sources */,
				03F7A2B82470BBDD00E95C8E /* ImageCollectionViewCell.swift in Sources */,
				314E6C4F25513E6C00D85B1B /* DatabaseProtocal.swift in Sources */,
				03F7A27B2470A7CF00E95C8E /* SceneDelegate.swift in Sources */,
				3186FE92255274180014ED72 /* TaskTableViewCell.swift in Sources */,
				314E6C5425513E9E00D85B1B /* MulticastDelegate.swift in Sources */,
				03F7A2B52470BBA900E95C8E /* ImageMetaData+CoreDataProperties.swift in Sources */,
				03F7A2B12470BB5E00E95C8E /* ImageModel.xcdatamodeld in Sources */,
				03F7A2BD2470BC1900E95C8E /* CameraViewController.swift in Sources */,
				314E6C4C2551399500D85B1B /* CreateTaskViewController.swift in Sources */,
			);
			runOnlyForDeploymentPostprocessing = 0;
		};
/* End PBXSourcesBuildPhase section */

/* Begin PBXVariantGroup section */
		03F7A27E2470A7CF00E95C8E /* Main.storyboard */ = {
			isa = PBXVariantGroup;
			children = (
				03F7A27F2470A7CF00E95C8E /* Base */,
			);
			name = Main.storyboard;
			sourceTree = "<group>";
		};
		03F7A2832470A7D100E95C8E /* LaunchScreen.storyboard */ = {
			isa = PBXVariantGroup;
			children = (
				03F7A2842470A7D100E95C8E /* Base */,
			);
			name = LaunchScreen.storyboard;
			sourceTree = "<group>";
		};
/* End PBXVariantGroup section */

/* Begin XCBuildConfiguration section */
		03F7A2872470A7D100E95C8E /* Debug */ = {
			isa = XCBuildConfiguration;
			buildSettings = {
				ALWAYS_SEARCH_USER_PATHS = NO;
				CLANG_ANALYZER_NONNULL = YES;
				CLANG_ANALYZER_NUMBER_OBJECT_CONVERSION = YES_AGGRESSIVE;
				CLANG_CXX_LANGUAGE_STANDARD = "gnu++14";
				CLANG_CXX_LIBRARY = "libc++";
				CLANG_ENABLE_MODULES = YES;
				CLANG_ENABLE_OBJC_ARC = YES;
				CLANG_ENABLE_OBJC_WEAK = YES;
				CLANG_WARN_BLOCK_CAPTURE_AUTORELEASING = YES;
				CLANG_WARN_BOOL_CONVERSION = YES;
				CLANG_WARN_COMMA = YES;
				CLANG_WARN_CONSTANT_CONVERSION = YES;
				CLANG_WARN_DEPRECATED_OBJC_IMPLEMENTATIONS = YES;
				CLANG_WARN_DIRECT_OBJC_ISA_USAGE = YES_ERROR;
				CLANG_WARN_DOCUMENTATION_COMMENTS = YES;
				CLANG_WARN_EMPTY_BODY = YES;
				CLANG_WARN_ENUM_CONVERSION = YES;
				CLANG_WARN_INFINITE_RECURSION = YES;
				CLANG_WARN_INT_CONVERSION = YES;
				CLANG_WARN_NON_LITERAL_NULL_CONVERSION = YES;
				CLANG_WARN_OBJC_IMPLICIT_RETAIN_SELF = YES;
				CLANG_WARN_OBJC_LITERAL_CONVERSION = YES;
				CLANG_WARN_OBJC_ROOT_CLASS = YES_ERROR;
				CLANG_WARN_RANGE_LOOP_ANALYSIS = YES;
				CLANG_WARN_STRICT_PROTOTYPES = YES;
				CLANG_WARN_SUSPICIOUS_MOVE = YES;
				CLANG_WARN_UNGUARDED_AVAILABILITY = YES_AGGRESSIVE;
				CLANG_WARN_UNREACHABLE_CODE = YES;
				CLANG_WARN__DUPLICATE_METHOD_MATCH = YES;
				COPY_PHASE_STRIP = NO;
				DEBUG_INFORMATION_FORMAT = dwarf;
				ENABLE_STRICT_OBJC_MSGSEND = YES;
				ENABLE_TESTABILITY = YES;
				GCC_C_LANGUAGE_STANDARD = gnu11;
				GCC_DYNAMIC_NO_PIC = NO;
				GCC_NO_COMMON_BLOCKS = YES;
				GCC_OPTIMIZATION_LEVEL = 0;
				GCC_PREPROCESSOR_DEFINITIONS = (
					"DEBUG=1",
					"$(inherited)",
				);
				GCC_WARN_64_TO_32_BIT_CONVERSION = YES;
				GCC_WARN_ABOUT_RETURN_TYPE = YES_ERROR;
				GCC_WARN_UNDECLARED_SELECTOR = YES;
				GCC_WARN_UNINITIALIZED_AUTOS = YES_AGGRESSIVE;
				GCC_WARN_UNUSED_FUNCTION = YES;
				GCC_WARN_UNUSED_VARIABLE = YES;
				IPHONEOS_DEPLOYMENT_TARGET = 13.4;
				MTL_ENABLE_DEBUG_INFO = INCLUDE_SOURCE;
				MTL_FAST_MATH = YES;
				ONLY_ACTIVE_ARCH = YES;
				SDKROOT = iphoneos;
				SWIFT_ACTIVE_COMPILATION_CONDITIONS = DEBUG;
				SWIFT_OPTIMIZATION_LEVEL = "-Onone";
			};
			name = Debug;
		};
		03F7A2882470A7D100E95C8E /* Release */ = {
			isa = XCBuildConfiguration;
			buildSettings = {
				ALWAYS_SEARCH_USER_PATHS = NO;
				CLANG_ANALYZER_NONNULL = YES;
				CLANG_ANALYZER_NUMBER_OBJECT_CONVERSION = YES_AGGRESSIVE;
				CLANG_CXX_LANGUAGE_STANDARD = "gnu++14";
				CLANG_CXX_LIBRARY = "libc++";
				CLANG_ENABLE_MODULES = YES;
				CLANG_ENABLE_OBJC_ARC = YES;
				CLANG_ENABLE_OBJC_WEAK = YES;
				CLANG_WARN_BLOCK_CAPTURE_AUTORELEASING = YES;
				CLANG_WARN_BOOL_CONVERSION = YES;
				CLANG_WARN_COMMA = YES;
				CLANG_WARN_CONSTANT_CONVERSION = YES;
				CLANG_WARN_DEPRECATED_OBJC_IMPLEMENTATIONS = YES;
				CLANG_WARN_DIRECT_OBJC_ISA_USAGE = YES_ERROR;
				CLANG_WARN_DOCUMENTATION_COMMENTS = YES;
				CLANG_WARN_EMPTY_BODY = YES;
				CLANG_WARN_ENUM_CONVERSION = YES;
				CLANG_WARN_INFINITE_RECURSION = YES;
				CLANG_WARN_INT_CONVERSION = YES;
				CLANG_WARN_NON_LITERAL_NULL_CONVERSION = YES;
				CLANG_WARN_OBJC_IMPLICIT_RETAIN_SELF = YES;
				CLANG_WARN_OBJC_LITERAL_CONVERSION = YES;
				CLANG_WARN_OBJC_ROOT_CLASS = YES_ERROR;
				CLANG_WARN_RANGE_LOOP_ANALYSIS = YES;
				CLANG_WARN_STRICT_PROTOTYPES = YES;
				CLANG_WARN_SUSPICIOUS_MOVE = YES;
				CLANG_WARN_UNGUARDED_AVAILABILITY = YES_AGGRESSIVE;
				CLANG_WARN_UNREACHABLE_CODE = YES;
				CLANG_WARN__DUPLICATE_METHOD_MATCH = YES;
				COPY_PHASE_STRIP = NO;
				DEBUG_INFORMATION_FORMAT = "dwarf-with-dsym";
				ENABLE_NS_ASSERTIONS = NO;
				ENABLE_STRICT_OBJC_MSGSEND = YES;
				GCC_C_LANGUAGE_STANDARD = gnu11;
				GCC_NO_COMMON_BLOCKS = YES;
				GCC_WARN_64_TO_32_BIT_CONVERSION = YES;
				GCC_WARN_ABOUT_RETURN_TYPE = YES_ERROR;
				GCC_WARN_UNDECLARED_SELECTOR = YES;
				GCC_WARN_UNINITIALIZED_AUTOS = YES_AGGRESSIVE;
				GCC_WARN_UNUSED_FUNCTION = YES;
				GCC_WARN_UNUSED_VARIABLE = YES;
				IPHONEOS_DEPLOYMENT_TARGET = 13.4;
				MTL_ENABLE_DEBUG_INFO = NO;
				MTL_FAST_MATH = YES;
				SDKROOT = iphoneos;
				SWIFT_COMPILATION_MODE = wholemodule;
				SWIFT_OPTIMIZATION_LEVEL = "-O";
				VALIDATE_PRODUCT = YES;
			};
			name = Release;
		};
		03F7A28A2470A7D100E95C8E /* Debug */ = {
			isa = XCBuildConfiguration;
			baseConfigurationReference = 1547B27C1B84D002DF3463E2 /* Pods-FIT5140-Tasker.debug.xcconfig */;
			buildSettings = {
				ASSETCATALOG_COMPILER_APPICON_NAME = AppIcon;
				CODE_SIGN_STYLE = Automatic;
				DEVELOPMENT_TEAM = "";
				INFOPLIST_FILE = "FIT5140-Tasker/Info.plist";
				LD_RUNPATH_SEARCH_PATHS = (
					"$(inherited)",
					"@executable_path/Frameworks",
				);
				PRODUCT_BUNDLE_IDENTIFIER = "edu.monash.FIT3178-Week09-Lab";
				PRODUCT_NAME = "$(TARGET_NAME)";
				SWIFT_VERSION = 5.0;
				TARGETED_DEVICE_FAMILY = "1,2";
			};
			name = Debug;
		};
		03F7A28B2470A7D100E95C8E /* Release */ = {
			isa = XCBuildConfiguration;
			baseConfigurationReference = A03ECBA7743083B7CB9B5B00 /* Pods-FIT5140-Tasker.release.xcconfig */;
			buildSettings = {
				ASSETCATALOG_COMPILER_APPICON_NAME = AppIcon;
				CODE_SIGN_STYLE = Automatic;
				DEVELOPMENT_TEAM = "";
				INFOPLIST_FILE = "FIT5140-Tasker/Info.plist";
				LD_RUNPATH_SEARCH_PATHS = (
					"$(inherited)",
					"@executable_path/Frameworks",
				);
				PRODUCT_BUNDLE_IDENTIFIER = "edu.monash.FIT3178-Week09-Lab";
				PRODUCT_NAME = "$(TARGET_NAME)";
				SWIFT_VERSION = 5.0;
				TARGETED_DEVICE_FAMILY = "1,2";
			};
			name = Release;
		};
/* End XCBuildConfiguration section */

/* Begin XCConfigurationList section */
		03F7A2702470A7CF00E95C8E /* Build configuration list for PBXProject "FIT5140-Tasker" */ = {
			isa = XCConfigurationList;
			buildConfigurations = (
				03F7A2872470A7D100E95C8E /* Debug */,
				03F7A2882470A7D100E95C8E /* Release */,
			);
			defaultConfigurationIsVisible = 0;
			defaultConfigurationName = Release;
		};
		03F7A2892470A7D100E95C8E /* Build configuration list for PBXNativeTarget "FIT5140-Tasker" */ = {
			isa = XCConfigurationList;
			buildConfigurations = (
				03F7A28A2470A7D100E95C8E /* Debug */,
				03F7A28B2470A7D100E95C8E /* Release */,
			);
			defaultConfigurationIsVisible = 0;
			defaultConfigurationName = Release;
		};
/* End XCConfigurationList section */

/* Begin XCVersionGroup section */
		03F7A2AF2470BB5E00E95C8E /* ImageModel.xcdatamodeld */ = {
			isa = XCVersionGroup;
			children = (
				03F7A2B02470BB5E00E95C8E /* ImageModel.xcdatamodel */,
			);
			currentVersion = 03F7A2B02470BB5E00E95C8E /* ImageModel.xcdatamodel */;
			path = ImageModel.xcdatamodeld;
			sourceTree = "<group>";
			versionGroupType = wrapper.xcdatamodel;
		};
/* End XCVersionGroup section */
	};
	rootObject = 03F7A26D2470A7CF00E95C8E /* Project object */;
}
